github.com/pektezol/bitreader v1.2.2 h1:NtRAoG48Wbnu/A300lGsQuo0ajLHKJXat884esWMrLo=
github.com/pektezol/bitreader v1.2.2/go.mod h1:RKAUiA//jCPJzO10P+VSkBq4wfY38TaNjpCjQ+DmbcQ=
github.com/pektezol/bitreader v1.2.3 h1:NeE3H+5AMeDXNN19DyaE/U3nmNgSeq3W5MfZn+/SZZQ=
github.com/pektezol/bitreader v1.2.3/go.mod h1:RKAUiA//jCPJzO10P+VSkBq4wfY38TaNjpCjQ+DmbcQ=
github.com/pektezol/bitreader v1.2.4 h1:davStm+5TMY4rpXwNpXA1JYN3sZ39+XV3tke2y74TxQ=
github.com/pektezol/bitreader v1.2.4/go.mod h1:RKAUiA//jCPJzO10P+VSkBq4wfY38TaNjpCjQ+DmbcQ=
