github.com/pektezol/bitreader v1.1.2 h1:F0u8qiauIwh52lwiwy7UMQ03/bw4NuEXQU0UFBL+A2w=
github.com/pektezol/bitreader v1.1.2/go.mod h1:RKAUiA//jCPJzO10P+VSkBq4wfY38TaNjpCjQ+DmbcQ=
github.com/pektezol/bitreader v1.2.0 h1:7sr46Rgx06j5+adLn3xOUSHc+Pz2GoFC1BIk+2ktdxg=
github.com/pektezol/bitreader v1.2.0/go.mod h1:RKAUiA//jCPJzO10P+VSkBq4wfY38TaNjpCjQ+DmbcQ=
github.com/pektezol/bitreader v1.2.1 h1:ChmgZjsi1hftUgH2LkfttjsER5UGYxrwwfsH2QCx/SU=
github.com/pektezol/bitreader v1.2.1/go.mod h1:RKAUiA//jCPJzO10P+VSkBq4wfY38TaNjpCjQ+DmbcQ=
