github.com/pektezol/bitreader v1.2.1 h1:ChmgZjsi1hftUgH2LkfttjsER5UGYxrwwfsH2QCx/SU=
github.com/pektezol/bitreader v1.2.1/go.mod h1:RKAUiA//jCPJzO10P+VSkBq4wfY38TaNjpCjQ+DmbcQ=
github.com/pektezol/bitreader v1.2.2 h1:NtRAoG48Wbnu/A300lGsQuo0ajLHKJXat884esWMrLo=
github.com/pektezol/bitreader v1.2.2/go.mod h1:RKAUiA//jCPJzO10P+VSkBq4wfY38TaNjpCjQ+DmbcQ=
